
Microsoft Visual Studio Solution File, Format Version 12.00
# Visual Studio Version 16
VisualStudioVersion = 16.0.30011.22
MinimumVisualStudioVersion = 10.0.40219.1
Project("{9A19103F-16F7-4668-BE54-9A1E7A4F7556}") = "TwitterClone.WebUI", "TwitterClone.WebUI\TwitterClone.WebUI.csproj", "{506E9091-6FC8-45B7-BE92-B990420370B8}"
EndProject
Project("{9A19103F-16F7-4668-BE54-9A1E7A4F7556}") = "TwitterClone.Dal", "TwitterClone.Dal\TwitterClone.Dal.csproj", "{530138E8-C549-444B-9011-4B59DEE6D272}"
EndProject
Project("{9A19103F-16F7-4668-BE54-9A1E7A4F7556}") = "TwitterClone.Entity", "TwitterClone.Entity\TwitterClone.Entity.csproj", "{C4F0FDDC-9559-44F0-B79D-E7E2CCBB6256}"
EndProject
Project("{9A19103F-16F7-4668-BE54-9A1E7A4F7556}") = "TwitterClone.Business", "TwitterClone.Business\TwitterClone.Business.csproj", "{2E99424A-1C8D-4BAF-9B1F-71531C0D9CDC}"
EndProject
Project("{9A19103F-16F7-4668-BE54-9A1E7A4F7556}") = "TwitterClone.Dto", "TwitterClone.Dto\TwitterClone.Dto.csproj", "{6F9A39F2-6446-4709-9D58-F896D629F695}"
EndProject
Global
	GlobalSection(SolutionConfigurationPlatforms) = preSolution
		Debug|Any CPU = Debug|Any CPU
		Release|Any CPU = Release|Any CPU
	EndGlobalSection
	GlobalSection(ProjectConfigurationPlatforms) = postSolution
		{506E9091-6FC8-45B7-BE92-B990420370B8}.Debug|Any CPU.ActiveCfg = Debug|Any CPU
		{506E9091-6FC8-45B7-BE92-B990420370B8}.Debug|Any CPU.Build.0 = Debug|Any CPU
		{506E9091-6FC8-45B7-BE92-B990420370B8}.Release|Any CPU.ActiveCfg = Release|Any CPU
		{506E9091-6FC8-45B7-BE92-B990420370B8}.Release|Any CPU.Build.0 = Release|Any CPU
		{530138E8-C549-444B-9011-4B59DEE6D272}.Debug|Any CPU.ActiveCfg = Debug|Any CPU
		{530138E8-C549-444B-9011-4B59DEE6D272}.Debug|Any CPU.Build.0 = Debug|Any CPU
		{530138E8-C549-444B-9011-4B59DEE6D272}.Release|Any CPU.ActiveCfg = Release|Any CPU
		{530138E8-C549-444B-9011-4B59DEE6D272}.Release|Any CPU.Build.0 = Release|Any CPU
		{C4F0FDDC-9559-44F0-B79D-E7E2CCBB6256}.Debug|Any CPU.ActiveCfg = Debug|Any CPU
		{C4F0FDDC-9559-44F0-B79D-E7E2CCBB6256}.Debug|Any CPU.Build.0 = Debug|Any CPU
		{C4F0FDDC-9559-44F0-B79D-E7E2CCBB6256}.Release|Any CPU.ActiveCfg = Release|Any CPU
		{C4F0FDDC-9559-44F0-B79D-E7E2CCBB6256}.Release|Any CPU.Build.0 = Release|Any CPU
		{2E99424A-1C8D-4BAF-9B1F-71531C0D9CDC}.Debug|Any CPU.ActiveCfg = Debug|Any CPU
		{2E99424A-1C8D-4BAF-9B1F-71531C0D9CDC}.Debug|Any CPU.Build.0 = Debug|Any CPU
		{2E99424A-1C8D-4BAF-9B1F-71531C0D9CDC}.Release|Any CPU.ActiveCfg = Release|Any CPU
		{2E99424A-1C8D-4BAF-9B1F-71531C0D9CDC}.Release|Any CPU.Build.0 = Release|Any CPU
		{6F9A39F2-6446-4709-9D58-F896D629F695}.Debug|Any CPU.ActiveCfg = Debug|Any CPU
		{6F9A39F2-6446-4709-9D58-F896D629F695}.Debug|Any CPU.Build.0 = Debug|Any CPU
		{6F9A39F2-6446-4709-9D58-F896D629F695}.Release|Any CPU.ActiveCfg = Release|Any CPU
		{6F9A39F2-6446-4709-9D58-F896D629F695}.Release|Any CPU.Build.0 = Release|Any CPU
	EndGlobalSection
	GlobalSection(SolutionProperties) = preSolution
		HideSolutionNode = FALSE
	EndGlobalSection
	GlobalSection(ExtensibilityGlobals) = postSolution
		SolutionGuid = {6C3EB2F0-4B59-43AC-B4E0-2A5EEE162AC0}
	EndGlobalSection
EndGlobal
